{
  "nodes": {
    "darwin": {
      "inputs": {
        "nixpkgs": [
          "nixpkgs"
        ]
      },
      "locked": {
        "lastModified": 1724994893,
        "narHash": "sha256-yutISDGg6HUaZqCaa54EcsfTwew3vhNtt/FNXBBo44g=",
        "owner": "LnL7",
        "repo": "nix-darwin",
        "rev": "c8d3157d1f768e382de5526bb38e74d2245cad04",
        "type": "github"
      },
      "original": {
        "owner": "LnL7",
        "repo": "nix-darwin",
        "type": "github"
      }
    },
    "home-manager": {
      "inputs": {
        "nixpkgs": [
          "nixpkgs"
        ]
      },
      "locked": {
        "lastModified": 1720042825,
        "narHash": "sha256-A0vrUB6x82/jvf17qPCpxaM+ulJnD8YZwH9Ci0BsAzE=",
        "owner": "nix-community",
        "repo": "home-manager",
        "rev": "e1391fb22e18a36f57e6999c7a9f966dc80ac073",
        "type": "github"
      },
      "original": {
        "owner": "nix-community",
        "ref": "release-24.05",
        "repo": "home-manager",
        "type": "github"
      }
    },
    "nixpkgs": {
      "locked": {
        "lastModified": 1725001927,
        "narHash": "sha256-eV+63gK0Mp7ygCR0Oy4yIYSNcum2VQwnZamHxYTNi+M=",
        "owner": "nixos",
        "repo": "nixpkgs",
        "rev": "6e99f2a27d600612004fbd2c3282d614bfee6421",
        "type": "github"
      },
      "original": {
        "owner": "nixos",
        "ref": "nixos-24.05",
        "repo": "nixpkgs",
        "type": "github"
      }
    },
    "nixpkgs-unstable": {
      "locked": {
        "lastModified": 1725099143,
        "narHash": "sha256-CHgumPZaC7z+WYx72WgaLt2XF0yUVzJS60rO4GZ7ytY=",
        "owner": "nixos",
        "repo": "nixpkgs",
        "rev": "5629520edecb69630a3f4d17d3d33fc96c13f6fe",
        "type": "github"
      },
      "original": {
        "owner": "nixos",
        "ref": "nixpkgs-unstable",
        "repo": "nixpkgs",
        "type": "github"
      }
    },
    "private": {
      "flake": false,
      "locked": {
        "lastModified": 1721901784,
        "narHash": "sha256-BjKFGjrkAQaVosft0yBzwxbMTtqp8Dnkb0bMnfQF18M=",
        "ref": "refs/heads/main",
        "rev": "ff43592d9d2c45b2d2661b983758e4504b583573",
        "revCount": 8,
        "type": "git",
        "url": "ssh://git@github.com/itkq/dotfiles-private"
      },
      "original": {
        "type": "git",
        "url": "ssh://git@github.com/itkq/dotfiles-private"
      }
    },
    "root": {
      "inputs": {
        "darwin": "darwin",
        "home-manager": "home-manager",
        "nixpkgs": "nixpkgs",
        "nixpkgs-unstable": "nixpkgs-unstable",
        "private": "private"
      }
    }
  },
  "root": "root",
  "version": 7
}
