name: update-flake-lock
on:
  workflow_dispatch:
  schedule:
    - cron: '0 0 * * 0'

jobs:
  update-lockfile:
    permissions: {}
    runs-on: ubuntu-latest
    steps:
      - uses: actions/create-github-app-token@d72941d797fd3113feb6b93fd0dec494b13a2547 # v1.12.0
        id: app-token
        with:
          app-id: ${{ vars.DOTFILES_UPDATER_APP_ID }}
          private-key: ${{ secrets.DOTFILES_UPDATER_PRIVATE_KEY }}
          ssh-key: ${{ secrets.DOTFILES_UPDATER_SSH_KEY }}
      - name: Install SSH Key
        uses: shimataro/ssh-key-action@d4fffb50872869abe2d9a9098a6d9c5aa7d16be4 # v2.7.0
        with:
          key: ${{ secrets.DOTFILES_UPDATER_SSH_KEY }}
          known_hosts: ${{ secrets.KNOWN_HOSTS }}
      - name: Checkout repository
        uses: actions/checkout@11bd71901bbe5b1630ceea73d27597364c9af683 # v4.2.2
        with:
          token: ${{ steps.app-token.outputs.token }}
      - name: Install Nix
        uses: DeterminateSystems/nix-installer-action@e50d5f73bfe71c2dd0aa4218de8f4afa59f8f81d # v16
      - name: Update flake.lock and create PR
        id: update
        uses: DeterminateSystems/update-flake-lock@a2bbe0274e3a0c4194390a1e445f734c597ebc37 # v24
        with:
          token: ${{ steps.app-token.outputs.token }}
          pr-title: "chore(deps): Update flake.lock"
          pr-labels: |
            dependencies
            nix-flake
      - name: Enable Automerge
        run: gh pr merge --auto --squash "$PR_NUMBER"
        env:
          PR_NUMBER: ${{ steps.update.outputs.pull-request-number }}
          GH_TOKEN: ${{ steps.app-token.outputs.token }}
