name: update-flake-lock
on:
  workflow_dispatch:
  schedule:
    - cron: '0 0 * * 0'

jobs:
  update-lockfile:
    permissions: {}
    runs-on: ubuntu-latest
    steps:
      - uses: actions/create-github-app-token@3378cda945da322a8db4b193e19d46352ebe2de5 # v1.10.4
        id: app-token
        with:
          app-id: ${{ vars.DOTFILES_UPDATER_APP_ID }}
          private-key: ${{ secrets.DOTFILES_UPDATER_PRIVATE_KEY }}
          ssh-key: ${{ secrets.DOTFILES_UPDATER_SSH_KEY }}
      - name: Install SSH Key
        uses: shimataro/ssh-key-action@d4fffb50872869abe2d9a9098a6d9c5aa7d16be4 # v2.7.0
        with:
          key: ${{ secrets.DOTFILES_UPDATER_SSH_KEY }}
          known_hosts: ${{ secrets.KNOWN_HOSTS }}
      - name: Checkout repository
        uses: actions/checkout@692973e3d937129bcbf40652eb9f2f61becf3332 # v4.1.7
        with:
          token: ${{ steps.app-token.outputs.token }}
      - name: Install Nix
        uses: DeterminateSystems/nix-installer-action@da36cb69b1c3247ad7a1f931ebfd954a1105ef14 # v14
      - name: Update flake.lock and create PR
        id: update
        uses: DeterminateSystems/update-flake-lock@db4ee38117a597ea8df8f7f75a187dd65093eade # v23
        with:
          token: ${{ steps.app-token.outputs.token }}
          pr-title: "chore(deps): Update flake.lock"
          pr-labels: |
            dependencies
            nix-flake
      - name: Enable Automerge
        run: gh pr merge --auto --squash "$PR_NUMBER"
        env:
          PR_NUMBER: ${{ steps.update.outputs.pull-request-number }}
          GH_TOKEN: ${{ steps.app-token.outputs.token }}
